
Microsoft Visual Studio Solution File, Format Version 12.00
# Visual Studio 14
VisualStudioVersion = 14.0.25420.1
MinimumVisualStudioVersion = 10.0.40219.1
Project("{8BC9CEB8-8B4A-11D0-8D11-00A0C91BC942}") = "NiaDanmakuEngine", "NiaDanmakuEngine\NiaDanmakuEngine.vcxproj", "{965BB4D7-64BF-4290-B1D5-86E9ED1ECB6C}"
EndProject
Project("{FAE04EC0-301F-11D3-BF4B-00C04F79EFBC}") = "Danmaker", "Danmaker\Danmaker.csproj", "{C3B2A6D1-0D17-49F9-BDCA-8CE2B5FF7674}"
EndProject
Project("{8BC9CEB8-8B4A-11D0-8D11-00A0C91BC942}") = "DanTester", "DanTester\DanTester.vcxproj", "{C479E43F-47EF-4871-AC22-CE36C3960ECA}"
EndProject
Global
	GlobalSection(SolutionConfigurationPlatforms) = preSolution
		Debug|Any CPU = Debug|Any CPU
		Debug|x64 = Debug|x64
		Debug|x86 = Debug|x86
		Release|Any CPU = Release|Any CPU
		Release|x64 = Release|x64
		Release|x86 = Release|x86
	EndGlobalSection
	GlobalSection(ProjectConfigurationPlatforms) = postSolution
		{965BB4D7-64BF-4290-B1D5-86E9ED1ECB6C}.Debug|Any CPU.ActiveCfg = Debug|Win32
		{965BB4D7-64BF-4290-B1D5-86E9ED1ECB6C}.Debug|x64.ActiveCfg = Debug|x64
		{965BB4D7-64BF-4290-B1D5-86E9ED1ECB6C}.Debug|x64.Build.0 = Debug|x64
		{965BB4D7-64BF-4290-B1D5-86E9ED1ECB6C}.Debug|x86.ActiveCfg = Debug|Win32
		{965BB4D7-64BF-4290-B1D5-86E9ED1ECB6C}.Debug|x86.Build.0 = Debug|Win32
		{965BB4D7-64BF-4290-B1D5-86E9ED1ECB6C}.Release|Any CPU.ActiveCfg = Release|Win32
		{965BB4D7-64BF-4290-B1D5-86E9ED1ECB6C}.Release|x64.ActiveCfg = Release|x64
		{965BB4D7-64BF-4290-B1D5-86E9ED1ECB6C}.Release|x64.Build.0 = Release|x64
		{965BB4D7-64BF-4290-B1D5-86E9ED1ECB6C}.Release|x86.ActiveCfg = Release|Win32
		{965BB4D7-64BF-4290-B1D5-86E9ED1ECB6C}.Release|x86.Build.0 = Release|Win32
		{C3B2A6D1-0D17-49F9-BDCA-8CE2B5FF7674}.Debug|Any CPU.ActiveCfg = Debug|Any CPU
		{C3B2A6D1-0D17-49F9-BDCA-8CE2B5FF7674}.Debug|Any CPU.Build.0 = Debug|Any CPU
		{C3B2A6D1-0D17-49F9-BDCA-8CE2B5FF7674}.Debug|x64.ActiveCfg = Debug|Any CPU
		{C3B2A6D1-0D17-49F9-BDCA-8CE2B5FF7674}.Debug|x64.Build.0 = Debug|Any CPU
		{C3B2A6D1-0D17-49F9-BDCA-8CE2B5FF7674}.Debug|x86.ActiveCfg = Debug|Any CPU
		{C3B2A6D1-0D17-49F9-BDCA-8CE2B5FF7674}.Debug|x86.Build.0 = Debug|Any CPU
		{C3B2A6D1-0D17-49F9-BDCA-8CE2B5FF7674}.Release|Any CPU.ActiveCfg = Release|Any CPU
		{C3B2A6D1-0D17-49F9-BDCA-8CE2B5FF7674}.Release|Any CPU.Build.0 = Release|Any CPU
		{C3B2A6D1-0D17-49F9-BDCA-8CE2B5FF7674}.Release|x64.ActiveCfg = Release|Any CPU
		{C3B2A6D1-0D17-49F9-BDCA-8CE2B5FF7674}.Release|x64.Build.0 = Release|Any CPU
		{C3B2A6D1-0D17-49F9-BDCA-8CE2B5FF7674}.Release|x86.ActiveCfg = Release|Any CPU
		{C3B2A6D1-0D17-49F9-BDCA-8CE2B5FF7674}.Release|x86.Build.0 = Release|Any CPU
		{C479E43F-47EF-4871-AC22-CE36C3960ECA}.Debug|Any CPU.ActiveCfg = Debug|Win32
		{C479E43F-47EF-4871-AC22-CE36C3960ECA}.Debug|x64.ActiveCfg = Debug|x64
		{C479E43F-47EF-4871-AC22-CE36C3960ECA}.Debug|x64.Build.0 = Debug|x64
		{C479E43F-47EF-4871-AC22-CE36C3960ECA}.Debug|x86.ActiveCfg = Debug|Win32
		{C479E43F-47EF-4871-AC22-CE36C3960ECA}.Debug|x86.Build.0 = Debug|Win32
		{C479E43F-47EF-4871-AC22-CE36C3960ECA}.Release|Any CPU.ActiveCfg = Release|Win32
		{C479E43F-47EF-4871-AC22-CE36C3960ECA}.Release|x64.ActiveCfg = Release|x64
		{C479E43F-47EF-4871-AC22-CE36C3960ECA}.Release|x64.Build.0 = Release|x64
		{C479E43F-47EF-4871-AC22-CE36C3960ECA}.Release|x86.ActiveCfg = Release|Win32
		{C479E43F-47EF-4871-AC22-CE36C3960ECA}.Release|x86.Build.0 = Release|Win32
	EndGlobalSection
	GlobalSection(SolutionProperties) = preSolution
		HideSolutionNode = FALSE
	EndGlobalSection
EndGlobal
